// !$*UTF8*$!
{
	archiveVersion = 1;
	classes = {
	};
	objectVersion = 51;
	objects = {

/* Begin PBXBuildFile section */
		0422E19925F60E3E0007F664 /* AppDelegate.m in Sources */ = {isa = PBXBuildFile; fileRef = 0422E19825F60E3E0007F664 /* AppDelegate.m */; };
		0422E19F25F60E3E0007F664 /* ViewController.m in Sources */ = {isa = PBXBuildFile; fileRef = 0422E19E25F60E3E0007F664 /* ViewController.m */; };
		0422E1A225F60E3E0007F664 /* Main.storyboard in Resources */ = {isa = PBXBuildFile; fileRef = 0422E1A025F60E3E0007F664 /* Main.storyboard */; };
		0422E1A425F60E3F0007F664 /* Assets.xcassets in Resources */ = {isa = PBXBuildFile; fileRef = 0422E1A325F60E3F0007F664 /* Assets.xcassets */; };
		0422E1A725F60E3F0007F664 /* LaunchScreen.storyboard in Resources */ = {isa = PBXBuildFile; fileRef = 0422E1A525F60E3F0007F664 /* LaunchScreen.storyboard */; };
		0422E1AA25F60E3F0007F664 /* main.m in Sources */ = {isa = PBXBuildFile; fileRef = 0422E1A925F60E3F0007F664 /* main.m */; };
		381F1AED024B2AFC88703231 /* libPods-HTVideoEdit.a in Frameworks */ = {isa = PBXBuildFile; fileRef = 3143D5FA2A3DAE9F9440D3BC /* libPods-HTVideoEdit.a */; };
/* End PBXBuildFile section */

/* Begin PBXFileReference section */
		0422E19425F60E3E0007F664 /* HTVideoEdit.app */ = {isa = PBXFileReference; explicitFileType = wrapper.application; includeInIndex = 0; path = HTVideoEdit.app; sourceTree = BUILT_PRODUCTS_DIR; };
		0422E19725F60E3E0007F664 /* AppDelegate.h */ = {isa = PBXFileReference; lastKnownFileType = sourcecode.c.h; path = AppDelegate.h; sourceTree = "<group>"; };
		0422E19825F60E3E0007F664 /* AppDelegate.m */ = {isa = PBXFileReference; lastKnownFileType = sourcecode.c.objc; path = AppDelegate.m; sourceTree = "<group>"; };
		0422E19D25F60E3E0007F664 /* ViewController.h */ = {isa = PBXFileReference; lastKnownFileType = sourcecode.c.h; path = ViewController.h; sourceTree = "<group>"; };
		0422E19E25F60E3E0007F664 /* ViewController.m */ = {isa = PBXFileReference; lastKnownFileType = sourcecode.c.objc; path = ViewController.m; sourceTree = "<group>"; };
		0422E1A125F60E3E0007F664 /* Base */ = {isa = PBXFileReference; lastKnownFileType = file.storyboard; name = Base; path = Base.lproj/Main.storyboard; sourceTree = "<group>"; };
		0422E1A325F60E3F0007F664 /* Assets.xcassets */ = {isa = PBXFileReference; lastKnownFileType = folder.assetcatalog; path = Assets.xcassets; sourceTree = "<group>"; };
		0422E1A625F60E3F0007F664 /* Base */ = {isa = PBXFileReference; lastKnownFileType = file.storyboard; name = Base; path = Base.lproj/LaunchScreen.storyboard; sourceTree = "<group>"; };
		0422E1A825F60E3F0007F664 /* Info.plist */ = {isa = PBXFileReference; lastKnownFileType = text.plist.xml; path = Info.plist; sourceTree = "<group>"; };
		0422E1A925F60E3F0007F664 /* main.m */ = {isa = PBXFileReference; lastKnownFileType = sourcecode.c.objc; path = main.m; sourceTree = "<group>"; };
		3143D5FA2A3DAE9F9440D3BC /* libPods-HTVideoEdit.a */ = {isa = PBXFileReference; explicitFileType = archive.ar; includeInIndex = 0; path = "libPods-HTVideoEdit.a"; sourceTree = BUILT_PRODUCTS_DIR; };
		49DA55D51D1296F7A424C005 /* Pods-HTVideoEdit.release.xcconfig */ = {isa = PBXFileReference; includeInIndex = 1; lastKnownFileType = text.xcconfig; name = "Pods-HTVideoEdit.release.xcconfig"; path = "Target Support Files/Pods-HTVideoEdit/Pods-HTVideoEdit.release.xcconfig"; sourceTree = "<group>"; };
		DF72350C077AC6B9E9C5FD85 /* Pods-HTVideoEdit.debug.xcconfig */ = {isa = PBXFileReference; includeInIndex = 1; lastKnownFileType = text.xcconfig; name = "Pods-HTVideoEdit.debug.xcconfig"; path = "Target Support Files/Pods-HTVideoEdit/Pods-HTVideoEdit.debug.xcconfig"; sourceTree = "<group>"; };
/* End PBXFileReference section */

/* Begin PBXFrameworksBuildPhase section */
		0422E19125F60E3E0007F664 /* Frameworks */ = {
			isa = PBXFrameworksBuildPhase;
			buildActionMask = 2147483647;
			files = (
				381F1AED024B2AFC88703231 /* libPods-HTVideoEdit.a in Frameworks */,
			);
			runOnlyForDeploymentPostprocessing = 0;
		};
/* End PBXFrameworksBuildPhase section */

/* Begin PBXGroup section */
		0422E18B25F60E3E0007F664 = {
			isa = PBXGroup;
			children = (
				0422E19625F60E3E0007F664 /* HTVideoEdit */,
				0422E19525F60E3E0007F664 /* Products */,
				E7629BB0E3AF68B0FFE75AA1 /* Pods */,
				F20DF964E5D920E3DA5394A1 /* Frameworks */,
			);
			sourceTree = "<group>";
		};
		0422E19525F60E3E0007F664 /* Products */ = {
			isa = PBXGroup;
			children = (
				0422E19425F60E3E0007F664 /* HTVideoEdit.app */,
			);
			name = Products;
			sourceTree = "<group>";
		};
		0422E19625F60E3E0007F664 /* HTVideoEdit */ = {
			isa = PBXGroup;
			children = (
				0422E19725F60E3E0007F664 /* AppDelegate.h */,
				0422E19825F60E3E0007F664 /* AppDelegate.m */,
				0422E19D25F60E3E0007F664 /* ViewController.h */,
				0422E19E25F60E3E0007F664 /* ViewController.m */,
				0422E1A025F60E3E0007F664 /* Main.storyboard */,
				0422E1A325F60E3F0007F664 /* Assets.xcassets */,
				0422E1A525F60E3F0007F664 /* LaunchScreen.storyboard */,
				0422E1A825F60E3F0007F664 /* Info.plist */,
				0422E1A925F60E3F0007F664 /* main.m */,
			);
			path = HTVideoEdit;
			sourceTree = "<group>";
		};
		E7629BB0E3AF68B0FFE75AA1 /* Pods */ = {
			isa = PBXGroup;
			children = (
				DF72350C077AC6B9E9C5FD85 /* Pods-HTVideoEdit.debug.xcconfig */,
				49DA55D51D1296F7A424C005 /* Pods-HTVideoEdit.release.xcconfig */,
			);
			path = Pods;
			sourceTree = "<group>";
		};
		F20DF964E5D920E3DA5394A1 /* Frameworks */ = {
			isa = PBXGroup;
			children = (
				3143D5FA2A3DAE9F9440D3BC /* libPods-HTVideoEdit.a */,
			);
			name = Frameworks;
			sourceTree = "<group>";
		};
/* End PBXGroup section */

/* Begin PBXNativeTarget section */
		0422E19325F60E3E0007F664 /* HTVideoEdit */ = {
			isa = PBXNativeTarget;
			buildConfigurationList = 0422E1AD25F60E3F0007F664 /* Build configuration list for PBXNativeTarget "HTVideoEdit" */;
			buildPhases = (
				0F1C0A3FAB4353B9D41ED5B0 /* [CP] Check Pods Manifest.lock */,
				0422E19025F60E3E0007F664 /* Sources */,
				0422E19125F60E3E0007F664 /* Frameworks */,
				0422E19225F60E3E0007F664 /* Resources */,
			);
			buildRules = (
			);
			dependencies = (
			);
			name = HTVideoEdit;
			productName = HTVideoEdit;
			productReference = 0422E19425F60E3E0007F664 /* HTVideoEdit.app */;
			productType = "com.apple.product-type.application";
		};
/* End PBXNativeTarget section */

/* Begin PBXProject section */
		0422E18C25F60E3E0007F664 /* Project object */ = {
			isa = PBXProject;
			attributes = {
				LastUpgradeCheck = 1220;
				TargetAttributes = {
					0422E19325F60E3E0007F664 = {
						CreatedOnToolsVersion = 12.2;
					};
				};
			};
			buildConfigurationList = 0422E18F25F60E3E0007F664 /* Build configuration list for PBXProject "HTVideoEdit" */;
			compatibilityVersion = "Xcode 9.3";
			developmentRegion = en;
			hasScannedForEncodings = 0;
			knownRegions = (
				en,
				Base,
			);
			mainGroup = 0422E18B25F60E3E0007F664;
			productRefGroup = 0422E19525F60E3E0007F664 /* Products */;
			projectDirPath = "";
			projectRoot = "";
			targets = (
				0422E19325F60E3E0007F664 /* HTVideoEdit */,
			);
		};
/* End PBXProject section */

/* Begin PBXResourcesBuildPhase section */
		0422E19225F60E3E0007F664 /* Resources */ = {
			isa = PBXResourcesBuildPhase;
			buildActionMask = 2147483647;
			files = (
				0422E1A725F60E3F0007F664 /* LaunchScreen.storyboard in Resources */,
				0422E1A425F60E3F0007F664 /* Assets.xcassets in Resources */,
				0422E1A225F60E3E0007F664 /* Main.storyboard in Resources */,
			);
			runOnlyForDeploymentPostprocessing = 0;
		};
/* End PBXResourcesBuildPhase section */

/* Begin PBXShellScriptBuildPhase section */
		0F1C0A3FAB4353B9D41ED5B0 /* [CP] Check Pods Manifest.lock */ = {
			isa = PBXShellScriptBuildPhase;
			buildActionMask = 2147483647;
			files = (
			);
			inputFileListPaths = (
			);
			inputPaths = (
				"${PODS_PODFILE_DIR_PATH}/Podfile.lock",
				"${PODS_ROOT}/Manifest.lock",
			);
			name = "[CP] Check Pods Manifest.lock";
			outputFileListPaths = (
			);
			outputPaths = (
				"$(DERIVED_FILE_DIR)/Pods-HTVideoEdit-checkManifestLockResult.txt",
			);
			runOnlyForDeploymentPostprocessing = 0;
			shellPath = /bin/sh;
			shellScript = "diff \"${PODS_PODFILE_DIR_PATH}/Podfile.lock\" \"${PODS_ROOT}/Manifest.lock\" > /dev/null\nif [ $? != 0 ] ; then\n    # print error to STDERR\n    echo \"error: The sandbox is not in sync with the Podfile.lock. Run 'pod install' or update your CocoaPods installation.\" >&2\n    exit 1\nfi\n# This output is used by Xcode 'outputs' to avoid re-running this script phase.\necho \"SUCCESS\" > \"${SCRIPT_OUTPUT_FILE_0}\"\n";
			showEnvVarsInLog = 0;
		};
/* End PBXShellScriptBuildPhase section */

/* Begin PBXSourcesBuildPhase section */
		0422E19025F60E3E0007F664 /* Sources */ = {
			isa = PBXSourcesBuildPhase;
			buildActionMask = 2147483647;
			files = (
				0422E19F25F60E3E0007F664 /* ViewController.m in Sources */,
				0422E19925F60E3E0007F664 /* AppDelegate.m in Sources */,
				0422E1AA25F60E3F0007F664 /* main.m in Sources */,
			);
			runOnlyForDeploymentPostprocessing = 0;
		};
/* End PBXSourcesBuildPhase section */

/* Begin PBXVariantGroup section */
		0422E1A025F60E3E0007F664 /* Main.storyboard */ = {
			isa = PBXVariantGroup;
			children = (
				0422E1A125F60E3E0007F664 /* Base */,
			);
			name = Main.storyboard;
			sourceTree = "<group>";
		};
		0422E1A525F60E3F0007F664 /* LaunchScreen.storyboard */ = {
			isa = PBXVariantGroup;
			children = (
				0422E1A625F60E3F0007F664 /* Base */,
			);
			name = LaunchScreen.storyboard;
			sourceTree = "<group>";
		};
/* End PBXVariantGroup section */

/* Begin XCBuildConfiguration section */
		0422E1AB25F60E3F0007F664 /* Debug */ = {
			isa = XCBuildConfiguration;
			buildSettings = {
				ALWAYS_SEARCH_USER_PATHS = NO;
				CLANG_ANALYZER_NONNULL = YES;
				CLANG_ANALYZER_NUMBER_OBJECT_CONVERSION = YES_AGGRESSIVE;
				CLANG_CXX_LANGUAGE_STANDARD = "gnu++14";
				CLANG_CXX_LIBRARY = "libc++";
				CLANG_ENABLE_MODULES = YES;
				CLANG_ENABLE_OBJC_ARC = YES;
				CLANG_ENABLE_OBJC_WEAK = YES;
				CLANG_WARN_BLOCK_CAPTURE_AUTORELEASING = YES;
				CLANG_WARN_BOOL_CONVERSION = YES;
				CLANG_WARN_COMMA = YES;
				CLANG_WARN_CONSTANT_CONVERSION = YES;
				CLANG_WARN_DEPRECATED_OBJC_IMPLEMENTATIONS = YES;
				CLANG_WARN_DIRECT_OBJC_ISA_USAGE = YES_ERROR;
				CLANG_WARN_DOCUMENTATION_COMMENTS = YES;
				CLANG_WARN_EMPTY_BODY = YES;
				CLANG_WARN_ENUM_CONVERSION = YES;
				CLANG_WARN_INFINITE_RECURSION = YES;
				CLANG_WARN_INT_CONVERSION = YES;
				CLANG_WARN_NON_LITERAL_NULL_CONVERSION = YES;
				CLANG_WARN_OBJC_IMPLICIT_RETAIN_SELF = YES;
				CLANG_WARN_OBJC_LITERAL_CONVERSION = YES;
				CLANG_WARN_OBJC_ROOT_CLASS = YES_ERROR;
				CLANG_WARN_QUOTED_INCLUDE_IN_FRAMEWORK_HEADER = YES;
				CLANG_WARN_RANGE_LOOP_ANALYSIS = YES;
				CLANG_WARN_STRICT_PROTOTYPES = YES;
				CLANG_WARN_SUSPICIOUS_MOVE = YES;
				CLANG_WARN_UNGUARDED_AVAILABILITY = YES_AGGRESSIVE;
				CLANG_WARN_UNREACHABLE_CODE = YES;
				CLANG_WARN__DUPLICATE_METHOD_MATCH = YES;
				COPY_PHASE_STRIP = NO;
				DEBUG_INFORMATION_FORMAT = dwarf;
				ENABLE_STRICT_OBJC_MSGSEND = YES;
				ENABLE_TESTABILITY = YES;
				GCC_C_LANGUAGE_STANDARD = gnu11;
				GCC_DYNAMIC_NO_PIC = NO;
				GCC_NO_COMMON_BLOCKS = YES;
				GCC_OPTIMIZATION_LEVEL = 0;
				GCC_PREPROCESSOR_DEFINITIONS = (
					"DEBUG=1",
					"$(inherited)",
				);
				GCC_WARN_64_TO_32_BIT_CONVERSION = YES;
				GCC_WARN_ABOUT_RETURN_TYPE = YES_ERROR;
				GCC_WARN_UNDECLARED_SELECTOR = YES;
				GCC_WARN_UNINITIALIZED_AUTOS = YES_AGGRESSIVE;
				GCC_WARN_UNUSED_FUNCTION = YES;
				GCC_WARN_UNUSED_VARIABLE = YES;
				IPHONEOS_DEPLOYMENT_TARGET = 14.2;
				MTL_ENABLE_DEBUG_INFO = INCLUDE_SOURCE;
				MTL_FAST_MATH = YES;
				ONLY_ACTIVE_ARCH = YES;
				SDKROOT = iphoneos;
			};
			name = Debug;
		};
		0422E1AC25F60E3F0007F664 /* Release */ = {
			isa = XCBuildConfiguration;
			buildSettings = {
				ALWAYS_SEARCH_USER_PATHS = NO;
				CLANG_ANALYZER_NONNULL = YES;
				CLANG_ANALYZER_NUMBER_OBJECT_CONVERSION = YES_AGGRESSIVE;
				CLANG_CXX_LANGUAGE_STANDARD = "gnu++14";
				CLANG_CXX_LIBRARY = "libc++";
				CLANG_ENABLE_MODULES = YES;
				CLANG_ENABLE_OBJC_ARC = YES;
				CLANG_ENABLE_OBJC_WEAK = YES;
				CLANG_WARN_BLOCK_CAPTURE_AUTORELEASING = YES;
				CLANG_WARN_BOOL_CONVERSION = YES;
				CLANG_WARN_COMMA = YES;
				CLANG_WARN_CONSTANT_CONVERSION = YES;
				CLANG_WARN_DEPRECATED_OBJC_IMPLEMENTATIONS = YES;
				CLANG_WARN_DIRECT_OBJC_ISA_USAGE = YES_ERROR;
				CLANG_WARN_DOCUMENTATION_COMMENTS = YES;
				CLANG_WARN_EMPTY_BODY = YES;
				CLANG_WARN_ENUM_CONVERSION = YES;
				CLANG_WARN_INFINITE_RECURSION = YES;
				CLANG_WARN_INT_CONVERSION = YES;
				CLANG_WARN_NON_LITERAL_NULL_CONVERSION = YES;
				CLANG_WARN_OBJC_IMPLICIT_RETAIN_SELF = YES;
				CLANG_WARN_OBJC_LITERAL_CONVERSION = YES;
				CLANG_WARN_OBJC_ROOT_CLASS = YES_ERROR;
				CLANG_WARN_QUOTED_INCLUDE_IN_FRAMEWORK_HEADER = YES;
				CLANG_WARN_RANGE_LOOP_ANALYSIS = YES;
				CLANG_WARN_STRICT_PROTOTYPES = YES;
				CLANG_WARN_SUSPICIOUS_MOVE = YES;
				CLANG_WARN_UNGUARDED_AVAILABILITY = YES_AGGRESSIVE;
				CLANG_WARN_UNREACHABLE_CODE = YES;
				CLANG_WARN__DUPLICATE_METHOD_MATCH = YES;
				COPY_PHASE_STRIP = NO;
				DEBUG_INFORMATION_FORMAT = "dwarf-with-dsym";
				ENABLE_NS_ASSERTIONS = NO;
				ENABLE_STRICT_OBJC_MSGSEND = YES;
				GCC_C_LANGUAGE_STANDARD = gnu11;
				GCC_NO_COMMON_BLOCKS = YES;
				GCC_WARN_64_TO_32_BIT_CONVERSION = YES;
				GCC_WARN_ABOUT_RETURN_TYPE = YES_ERROR;
				GCC_WARN_UNDECLARED_SELECTOR = YES;
				GCC_WARN_UNINITIALIZED_AUTOS = YES_AGGRESSIVE;
				GCC_WARN_UNUSED_FUNCTION = YES;
				GCC_WARN_UNUSED_VARIABLE = YES;
				IPHONEOS_DEPLOYMENT_TARGET = 14.2;
				MTL_ENABLE_DEBUG_INFO = NO;
				MTL_FAST_MATH = YES;
				SDKROOT = iphoneos;
				VALIDATE_PRODUCT = YES;
			};
			name = Release;
		};
		0422E1AE25F60E3F0007F664 /* Debug */ = {
			isa = XCBuildConfiguration;
			baseConfigurationReference = DF72350C077AC6B9E9C5FD85 /* Pods-HTVideoEdit.debug.xcconfig */;
			buildSettings = {
				ASSETCATALOG_COMPILER_APPICON_NAME = AppIcon;
				ASSETCATALOG_COMPILER_GLOBAL_ACCENT_COLOR_NAME = AccentColor;
				CODE_SIGN_STYLE = Automatic;
				DEVELOPMENT_TEAM = SBJQC7QVB8;
				INFOPLIST_FILE = HTVideoEdit/Info.plist;
				IPHONEOS_DEPLOYMENT_TARGET = 9.0;
				LD_RUNPATH_SEARCH_PATHS = (
					"$(inherited)",
					"@executable_path/Frameworks",
				);
				PRODUCT_BUNDLE_IDENTIFIER = com.kankan.XiJing;
				PRODUCT_NAME = "$(TARGET_NAME)";
				TARGETED_DEVICE_FAMILY = "1,2";
			};
			name = Debug;
		};
		0422E1AF25F60E3F0007F664 /* Release */ = {
			isa = XCBuildConfiguration;
			baseConfigurationReference = 49DA55D51D1296F7A424C005 /* Pods-HTVideoEdit.release.xcconfig */;
			buildSettings = {
				ASSETCATALOG_COMPILER_APPICON_NAME = AppIcon;
				ASSETCATALOG_COMPILER_GLOBAL_ACCENT_COLOR_NAME = AccentColor;
				CODE_SIGN_STYLE = Automatic;
				DEVELOPMENT_TEAM = SBJQC7QVB8;
				INFOPLIST_FILE = HTVideoEdit/Info.plist;
				IPHONEOS_DEPLOYMENT_TARGET = 9.0;
				LD_RUNPATH_SEARCH_PATHS = (
					"$(inherited)",
					"@executable_path/Frameworks",
				);
				PRODUCT_BUNDLE_IDENTIFIER = com.kankan.XiJing;
				PRODUCT_NAME = "$(TARGET_NAME)";
				TARGETED_DEVICE_FAMILY = "1,2";
			};
			name = Release;
		};
/* End XCBuildConfiguration section */

/* Begin XCConfigurationList section */
		0422E18F25F60E3E0007F664 /* Build configuration list for PBXProject "HTVideoEdit" */ = {
			isa = XCConfigurationList;
			buildConfigurations = (
				0422E1AB25F60E3F0007F664 /* Debug */,
				0422E1AC25F60E3F0007F664 /* Release */,
			);
			defaultConfigurationIsVisible = 0;
			defaultConfigurationName = Release;
		};
		0422E1AD25F60E3F0007F664 /* Build configuration list for PBXNativeTarget "HTVideoEdit" */ = {
			isa = XCConfigurationList;
			buildConfigurations = (
				0422E1AE25F60E3F0007F664 /* Debug */,
				0422E1AF25F60E3F0007F664 /* Release */,
			);
			defaultConfigurationIsVisible = 0;
			defaultConfigurationName = Release;
		};
/* End XCConfigurationList section */
	};
	rootObject = 0422E18C25F60E3E0007F664 /* Project object */;
}
